
Microsoft Visual Studio Solution File, Format Version 12.00
# Visual Studio Version 16
VisualStudioVersion = 16.0.31515.178
MinimumVisualStudioVersion = 10.0.40219.1
Project("{FAE04EC0-301F-11D3-BF4B-00C04F79EFBC}") = "Product Details", "Product Details\Product Details.csproj", "{93D1EB56-482C-49FC-B39F-AE8B1C7AEC3B}"
EndProject
Global
	GlobalSection(SolutionConfigurationPlatforms) = preSolution
		Debug|Any CPU = Debug|Any CPU
		Release|Any CPU = Release|Any CPU
	EndGlobalSection
	GlobalSection(ProjectConfigurationPlatforms) = postSolution
		{93D1EB56-482C-49FC-B39F-AE8B1C7AEC3B}.Debug|Any CPU.ActiveCfg = Debug|Any CPU
		{93D1EB56-482C-49FC-B39F-AE8B1C7AEC3B}.Debug|Any CPU.Build.0 = Debug|Any CPU
		{93D1EB56-482C-49FC-B39F-AE8B1C7AEC3B}.Release|Any CPU.ActiveCfg = Release|Any CPU
		{93D1EB56-482C-49FC-B39F-AE8B1C7AEC3B}.Release|Any CPU.Build.0 = Release|Any CPU
	EndGlobalSection
	GlobalSection(SolutionProperties) = preSolution
		HideSolutionNode = FALSE
	EndGlobalSection
	GlobalSection(ExtensibilityGlobals) = postSolution
		SolutionGuid = {F68F49D3-8AEA-43AC-877D-CEA11834A3DF}
	EndGlobalSection
EndGlobal
